
Microsoft Visual Studio Solution File, Format Version 12.00
# Visual Studio Version 17
VisualStudioVersion = 17.5.002.0
MinimumVisualStudioVersion = 10.0.40219.1
Project("{9A19103F-16F7-4668-BE54-9A1E7A4F7556}") = "BibliotecaAPI", "BibliotecaAPI.csproj", "{AD2CF622-A179-4CA3-9EA7-8212DFB3CF57}"
EndProject
Global
	GlobalSection(SolutionConfigurationPlatforms) = preSolution
		Debug|Any CPU = Debug|Any CPU
		Release|Any CPU = Release|Any CPU
	EndGlobalSection
	GlobalSection(ProjectConfigurationPlatforms) = postSolution
		{AD2CF622-A179-4CA3-9EA7-8212DFB3CF57}.Debug|Any CPU.ActiveCfg = Debug|Any CPU
		{AD2CF622-A179-4CA3-9EA7-8212DFB3CF57}.Debug|Any CPU.Build.0 = Debug|Any CPU
		{AD2CF622-A179-4CA3-9EA7-8212DFB3CF57}.Release|Any CPU.ActiveCfg = Release|Any CPU
		{AD2CF622-A179-4CA3-9EA7-8212DFB3CF57}.Release|Any CPU.Build.0 = Release|Any CPU
	EndGlobalSection
	GlobalSection(SolutionProperties) = preSolution
		HideSolutionNode = FALSE
	EndGlobalSection
	GlobalSection(ExtensibilityGlobals) = postSolution
		SolutionGuid = {F109D2AF-0828-47AF-8F2E-F3285460A4AB}
	EndGlobalSection
EndGlobal
